
Microsoft Visual Studio Solution File, Format Version 12.00
# Visual Studio Version 17
VisualStudioVersion = 17.7.34221.43
MinimumVisualStudioVersion = 10.0.40219.1
Project("{FAE04EC0-301F-11D3-BF4B-00C04F79EFBC}") = "My_First_Finance_App", "My_First_Finance_App\My_First_Finance_App.csproj", "{E83DC8B1-7838-4DF4-9C8E-1D13DBF0DDD3}"
EndProject
Project("{2150E333-8FDC-42A3-9474-1A3956D46DE8}") = "Solution Items", "Solution Items", "{4886885C-75D6-4C86-B764-B8CCB416D26E}"
	ProjectSection(SolutionItems) = preProject
		.editorconfig = .editorconfig
	EndProjectSection
EndProject
Global
	GlobalSection(SolutionConfigurationPlatforms) = preSolution
		Debug|Any CPU = Debug|Any CPU
		Release|Any CPU = Release|Any CPU
	EndGlobalSection
	GlobalSection(ProjectConfigurationPlatforms) = postSolution
		{E83DC8B1-7838-4DF4-9C8E-1D13DBF0DDD3}.Debug|Any CPU.ActiveCfg = Debug|Any CPU
		{E83DC8B1-7838-4DF4-9C8E-1D13DBF0DDD3}.Debug|Any CPU.Build.0 = Debug|Any CPU
		{E83DC8B1-7838-4DF4-9C8E-1D13DBF0DDD3}.Release|Any CPU.ActiveCfg = Release|Any CPU
		{E83DC8B1-7838-4DF4-9C8E-1D13DBF0DDD3}.Release|Any CPU.Build.0 = Release|Any CPU
	EndGlobalSection
	GlobalSection(SolutionProperties) = preSolution
		HideSolutionNode = FALSE
	EndGlobalSection
	GlobalSection(ExtensibilityGlobals) = postSolution
		SolutionGuid = {4B710949-3A76-4C5A-948A-EFB5ABB4D4CC}
	EndGlobalSection
EndGlobal
